
Microsoft Visual Studio Solution File, Format Version 12.00
# Visual Studio Version 17
VisualStudioVersion = 17.6.33801.468
MinimumVisualStudioVersion = 10.0.40219.1
Project("{FAE04EC0-301F-11D3-BF4B-00C04F79EFBC}") = "Tetris", "Tetris\Tetris.csproj", "{A15D3824-9E62-4438-B20F-4DD1E8ED23C3}"
EndProject
Global
	GlobalSection(SolutionConfigurationPlatforms) = preSolution
		Debug|Any CPU = Debug|Any CPU
		Release|Any CPU = Release|Any CPU
	EndGlobalSection
	GlobalSection(ProjectConfigurationPlatforms) = postSolution
		{A15D3824-9E62-4438-B20F-4DD1E8ED23C3}.Debug|Any CPU.ActiveCfg = Debug|Any CPU
		{A15D3824-9E62-4438-B20F-4DD1E8ED23C3}.Debug|Any CPU.Build.0 = Debug|Any CPU
		{A15D3824-9E62-4438-B20F-4DD1E8ED23C3}.Release|Any CPU.ActiveCfg = Release|Any CPU
		{A15D3824-9E62-4438-B20F-4DD1E8ED23C3}.Release|Any CPU.Build.0 = Release|Any CPU
	EndGlobalSection
	GlobalSection(SolutionProperties) = preSolution
		HideSolutionNode = FALSE
	EndGlobalSection
	GlobalSection(ExtensibilityGlobals) = postSolution
		SolutionGuid = {F9840738-A8A9-45DC-82CA-0D375B1AA453}
	EndGlobalSection
EndGlobal
